
Microsoft Visual Studio Solution File, Format Version 12.00
# Visual Studio Version 16
VisualStudioVersion = 16.0.31205.134
MinimumVisualStudioVersion = 10.0.40219.1
Project("{FAE04EC0-301F-11D3-BF4B-00C04F79EFBC}") = "BasicClassesExercise", "BasicClassesExercise\BasicClassesExercise.csproj", "{44AEC31A-8CB6-4790-81AE-C90737945259}"
EndProject
Global
	GlobalSection(SolutionConfigurationPlatforms) = preSolution
		Debug|Any CPU = Debug|Any CPU
		Release|Any CPU = Release|Any CPU
	EndGlobalSection
	GlobalSection(ProjectConfigurationPlatforms) = postSolution
		{44AEC31A-8CB6-4790-81AE-C90737945259}.Debug|Any CPU.ActiveCfg = Debug|Any CPU
		{44AEC31A-8CB6-4790-81AE-C90737945259}.Debug|Any CPU.Build.0 = Debug|Any CPU
		{44AEC31A-8CB6-4790-81AE-C90737945259}.Release|Any CPU.ActiveCfg = Release|Any CPU
		{44AEC31A-8CB6-4790-81AE-C90737945259}.Release|Any CPU.Build.0 = Release|Any CPU
	EndGlobalSection
	GlobalSection(SolutionProperties) = preSolution
		HideSolutionNode = FALSE
	EndGlobalSection
	GlobalSection(ExtensibilityGlobals) = postSolution
		SolutionGuid = {391C5559-4F0A-4A52-974E-68D8A30692D8}
	EndGlobalSection
EndGlobal
